
Microsoft Visual Studio Solution File, Format Version 12.00
# Visual Studio Version 17
VisualStudioVersion = 17.8.34322.80
MinimumVisualStudioVersion = 10.0.40219.1
Project("{FAE04EC0-301F-11D3-BF4B-00C04F79EFBC}") = "NotificationPatternSample", "NotificationPatternSample.csproj", "{3E113776-AFCE-4173-8748-0A27A60BE6DF}"
EndProject
Global
	GlobalSection(SolutionConfigurationPlatforms) = preSolution
		Debug|Any CPU = Debug|Any CPU
		Release|Any CPU = Release|Any CPU
	EndGlobalSection
	GlobalSection(ProjectConfigurationPlatforms) = postSolution
		{3E113776-AFCE-4173-8748-0A27A60BE6DF}.Debug|Any CPU.ActiveCfg = Debug|Any CPU
		{3E113776-AFCE-4173-8748-0A27A60BE6DF}.Debug|Any CPU.Build.0 = Debug|Any CPU
		{3E113776-AFCE-4173-8748-0A27A60BE6DF}.Release|Any CPU.ActiveCfg = Release|Any CPU
		{3E113776-AFCE-4173-8748-0A27A60BE6DF}.Release|Any CPU.Build.0 = Release|Any CPU
	EndGlobalSection
	GlobalSection(SolutionProperties) = preSolution
		HideSolutionNode = FALSE
	EndGlobalSection
	GlobalSection(ExtensibilityGlobals) = postSolution
		SolutionGuid = {B1B48CF9-3A41-416C-A75B-C0C849324C54}
	EndGlobalSection
EndGlobal
